
Microsoft Visual Studio Solution File, Format Version 12.00
# Visual Studio 14
VisualStudioVersion = 14.0.25123.0
MinimumVisualStudioVersion = 10.0.40219.1
Project("{2150E333-8FDC-42A3-9474-1A3956D46DE8}") = "src", "src", "{9097DD87-BB45-4039-A34A-5688825EFB00}"
EndProject
Project("{2150E333-8FDC-42A3-9474-1A3956D46DE8}") = "Solution Items", "Solution Items", "{FBD3C95C-DF9C-42B5-AE45-887A025A6BF3}"
	ProjectSection(SolutionItems) = preProject
		global.json = global.json
	EndProjectSection
EndProject
Project("{8BB2217D-0F2D-49D1-97BC-3654ED321F3B}") = "WWLinePainting", "src\WWLinePainting\WWLinePainting.xproj", "{5EDDB975-0EA6-4BD5-8C84-EFC3463D7C82}"
EndProject
Global
	GlobalSection(SolutionConfigurationPlatforms) = preSolution
		Debug|Any CPU = Debug|Any CPU
		Release|Any CPU = Release|Any CPU
	EndGlobalSection
	GlobalSection(ProjectConfigurationPlatforms) = postSolution
		{5EDDB975-0EA6-4BD5-8C84-EFC3463D7C82}.Debug|Any CPU.ActiveCfg = Debug|Any CPU
		{5EDDB975-0EA6-4BD5-8C84-EFC3463D7C82}.Debug|Any CPU.Build.0 = Debug|Any CPU
		{5EDDB975-0EA6-4BD5-8C84-EFC3463D7C82}.Release|Any CPU.ActiveCfg = Release|Any CPU
		{5EDDB975-0EA6-4BD5-8C84-EFC3463D7C82}.Release|Any CPU.Build.0 = Release|Any CPU
	EndGlobalSection
	GlobalSection(SolutionProperties) = preSolution
		HideSolutionNode = FALSE
	EndGlobalSection
	GlobalSection(NestedProjects) = preSolution
		{5EDDB975-0EA6-4BD5-8C84-EFC3463D7C82} = {9097DD87-BB45-4039-A34A-5688825EFB00}
	EndGlobalSection
EndGlobal
